lockfileVersion: '9.0'

settings:
  autoInstallPeers: true
  excludeLinksFromLockfile: false

importers:

  .:
    devDependencies:
      '@rstest/core':
        specifier: ^0.9.10
        version: 0.9.10
      ajv:
        specifier: ^8.17.1
        version: 8.20.0
      ajv-formats:
        specifier: ^3.0.1
        version: 3.0.1(ajv@8.20.0)
      gray-matter:
        specifier: ^4.0.3
        version: 4.0.3

packages:

  '@emnapi/core@1.10.0':
    resolution: {integrity: sha512-yq6OkJ4p82CAfPl0u9mQebQHKPJkY7WrIuk205cTYnYe+k2Z8YBh11FrbRG/H6ihirqcacOgl2BIO8oyMQLeXw==}

  '@emnapi/runtime@1.10.0':
    resolution: {integrity: sha512-ewvYlk86xUoGI0zQRNq/mC+16R1QeDlKQy21Ki3oSYXNgLb45GV1P6A0M+/s6nyCuNDqe5VpaY84BzXGwVbwFA==}

  '@emnapi/wasi-threads@1.2.1':
    resolution: {integrity: sha512-uTII7OYF+/Mes/MrcIOYp5yOtSMLBWSIoLPpcgwipoiKbli6k322tcoFsxoIIxPDqW01SQGAgko4EzZi2BNv2w==}

  '@napi-rs/wasm-runtime@1.1.4':
    resolution: {integrity: sha512-3NQNNgA1YSlJb/kMH1ildASP9HW7/7kYnRI2szWJaofaS1hWmbGI4H+d3+22aGzXXN9IJ+n+GiFVcGipJP18ow==}
    peerDependencies:
      '@emnapi/core': ^1.7.1
      '@emnapi/runtime': ^1.7.1

  '@rsbuild/core@2.0.6':
    resolution: {integrity: sha512-0/u7oTgPp9NsL7E7qXzYiOOPAsOJiDbOr0FmG6gizJDIpYK8nospogNrwQ00SG0had9fdhLI7XkhP160IaLnWw==}
    engines: {node: ^20.19.0 || >=22.12.0}
    hasBin: true
    peerDependencies:
      core-js: '>= 3.0.0'
    peerDependenciesMeta:
      core-js:
        optional: true

  '@rspack/binding-darwin-arm64@2.0.3':
    resolution: {integrity: sha512-4UyCjLJwU/WxR6K1/gG4u3+jUsoaRHJ5rNu9fto/UbvrItwdlVNULChAApqZFw6mcSetMddSjSICeuj5pSB6sA==}
    cpu: [arm64]
    os: [darwin]

  '@rspack/binding-darwin-x64@2.0.3':
    resolution: {integrity: sha512-K3evrbTgZNa8emEqk+AjDtbuoXZp5tPZz3pcEgETxuu3KanW8Zu+Fb+TUp1DEUcL0xOmHPPox8H2cZ3pF4Zmug==}
    cpu: [x64]
    os: [darwin]

  '@rspack/binding-linux-arm64-gnu@2.0.3':
    resolution: {integrity: sha512-aPLDaaTtX1wqjLYAIHc2MGDQZtv1Hbjx47oaaefbWz5GbAnSA4P8jdYIeeGRyrqvQ0WqJXIWXgT0d/iXtes00A==}
    cpu: [arm64]
    os: [linux]

  '@rspack/binding-linux-arm64-musl@2.0.3':
    resolution: {integrity: sha512-0WulUQPop6vmSDfrTxghmVlm+6crU8/XqD2f0dOWbEniZVuDZJ5/Y/cBqTRyk3rjl0vrmUv3lc87/t7UgQJQSw==}
    cpu: [arm64]
    os: [linux]

  '@rspack/binding-linux-x64-gnu@2.0.3':
    resolution: {integrity: sha512-fAhiMuV5omT53YMft+f3Y9euAFgspuyBAk9ZpeW2buL2TkuUMwP07adhhvQfKdQ5gpELfzmjQaRDGqaIT8UWiA==}
    cpu: [x64]
    os: [linux]

  '@rspack/binding-linux-x64-musl@2.0.3':
    resolution: {integrity: sha512-0kcuFoZ8vy2iNWoISFOZt+/Ujo7LRLrzE7h07AV5r+oN/mv+/v14Sd/8NUtDIScCkrYOszYq/QS31e6t0UrVfw==}
    cpu: [x64]
    os: [linux]

  '@rspack/binding-wasm32-wasi@2.0.3':
    resolution: {integrity: sha512-x2fsw7GzNZEnw444ikj4/b8kVjM0Y0TllxmizHpYZ9gmaQrOk5OXo9RQdz+l4zzoGors0l2IZP5Cc4GJNCaSoQ==}
    cpu: [wasm32]

  '@rspack/binding-win32-arm64-msvc@2.0.3':
    resolution: {integrity: sha512-jqlxuVPdrgMuwj/HEjSkC/jmhl4fAuKyob36zJXq2uAusn2FRJ4kClGe1fLFpfxRXFVQAWwlAOwLJg8T0suuaA==}
    cpu: [arm64]
    os: [win32]

  '@rspack/binding-win32-ia32-msvc@2.0.3':
    resolution: {integrity: sha512-QM4JEuyk5QaZ5gnvnAIaCwVQzCkrD2E4Sud77kx/MVGDsRkcOlMx3blMC5QNHPDamRmWGk+7314YOQvRhKuWyg==}
    cpu: [ia32]
    os: [win32]

  '@rspack/binding-win32-x64-msvc@2.0.3':
    resolution: {integrity: sha512-vSQNnAy0wswG6AfNRuArTHQBiXOXl+A9ddQxBFup4PMHUzXxKtsBLQzw7BgFC0EgrPeHbt+30j7sXVZKYukj4A==}
    cpu: [x64]
    os: [win32]

  '@rspack/binding@2.0.3':
    resolution: {integrity: sha512-4exVNhGhW5RFHjK87XeTKbkA/qAgI5NHJlT1jNqiJv0gcUXLqTOEU3w7f8+f9zUo4JMFvPc0c9veOi4M19YYTg==}

  '@rspack/core@2.0.3':
    resolution: {integrity: sha512-2ufO/8FHIA/lX6UOgSsKPhpDvHr0sh9lYq/n/LsIZsTwu3973BGbu2fg1Akvuu3rEnskPqXjsqH2EPBzEA42uA==}
    engines: {node: ^20.19.0 || >=22.12.0}
    peerDependencies:
      '@module-federation/runtime-tools': ^0.24.1 || ^2.0.0
      '@swc/helpers': '>=0.5.1'
    peerDependenciesMeta:
      '@module-federation/runtime-tools':
        optional: true
      '@swc/helpers':
        optional: true

  '@rstest/core@0.9.10':
    resolution: {integrity: sha512-JUSUYYXWIHEBUn193u2RglZujvGPv46Blxpl17QFwc0y9vEXe2y/IfGwGrVsJfZz7PaWZ5NnbFf0J55YIIns+g==}
    engines: {node: ^20.19.0 || >=22.12.0}
    hasBin: true
    peerDependencies:
      happy-dom: ^20.8.3
      jsdom: '*'
    peerDependenciesMeta:
      happy-dom:
        optional: true
      jsdom:
        optional: true

  '@swc/helpers@0.5.21':
    resolution: {integrity: sha512-jI/VAmtdjB/RnI8GTnokyX7Ug8c+g+ffD6QRLa6XQewtnGyukKkKSk3wLTM3b5cjt1jNh9x0jfVlagdN2gDKQg==}

  '@tybys/wasm-util@0.10.2':
    resolution: {integrity: sha512-RoBvJ2X0wuKlWFIjrwffGw1IqZHKQqzIchKaadZZfnNpsAYp2mM0h36JtPCjNDAHGgYez/15uMBpfGwchhiMgg==}

  '@types/chai@5.2.3':
    resolution: {integrity: sha512-Mw558oeA9fFbv65/y4mHtXDs9bPnFMZAL/jxdPFUpOHHIXX91mcgEHbS5Lahr+pwZFR8A7GQleRWeI6cGFC2UA==}

  '@types/deep-eql@4.0.2':
    resolution: {integrity: sha512-c9h9dVVMigMPc4bwTvC5dxqtqJZwQPePsWjPlpSOnojbor6pGqdk541lfA7AqFQr5pB1BRdq0juY9db81BwyFw==}

  ajv-formats@3.0.1:
    resolution: {integrity: sha512-8iUql50EUR+uUcdRQ3HDqa6EVyo3docL8g5WJ3FNcWmu62IbkGUue/pEyLBW8VGKKucTPgqeks4fIU1DA4yowQ==}
    peerDependencies:
      ajv: ^8.0.0
    peerDependenciesMeta:
      ajv:
        optional: true

  ajv@8.20.0:
    resolution: {integrity: sha512-Thbli+OlOj+iMPYFBVBfJ3OmCAnaSyNn4M1vz9T6Gka5Jt9ba/HIR56joy65tY6kx/FCF5VXNB819Y7/GUrBGA==}

  argparse@1.0.10:
    resolution: {integrity: sha512-o5Roy6tNG4SL/FOkCAN6RzjiakZS25RLYFrcMttJqbdd8BWrnA+fGz57iN5Pb06pvBGvl5gQ0B48dJlslXvoTg==}

  assertion-error@2.0.1:
    resolution: {integrity: sha512-Izi8RQcffqCeNVgFigKli1ssklIbpHnCYc6AknXGYoB6grJqyeby7jv12JUQgmTAnIDnbck1uxksT4dzN3PWBA==}
    engines: {node: '>=12'}

  esprima@4.0.1:
    resolution: {integrity: sha512-eGuFFw7Upda+g4p+QHvnW0RyTX/SVeJBDM/gCtMARO0cLuT2HcEKnTPvhjV6aGeqrCB/sbNop0Kszm0jsaWU4A==}
    engines: {node: '>=4'}
    hasBin: true

  extend-shallow@2.0.1:
    resolution: {integrity: sha512-zCnTtlxNoAiDc3gqY2aYAWFx7XWWiasuF2K8Me5WbN8otHKTUKBwjPtNpRs/rbUZm7KxWAaNj7P1a/p52GbVug==}
    engines: {node: '>=0.10.0'}

  fast-deep-equal@3.1.3:
    resolution: {integrity: sha512-f3qQ9oQy9j2AhBe/H9VC91wLmKBCCU/gDOnKNAYG5hswO7BLKj09Hc5HYNz9cGI++xlpDCIgDaitVs03ATR84Q==}

  fast-uri@3.1.2:
    resolution: {integrity: sha512-rVjf7ArG3LTk+FS6Yw81V1DLuZl1bRbNrev6Tmd/9RaroeeRRJhAt7jg/6YFxbvAQXUCavSoZhPPj6oOx+5KjQ==}

  gray-matter@4.0.3:
    resolution: {integrity: sha512-5v6yZd4JK3eMI3FqqCouswVqwugaA9r4dNZB1wwcmrD02QkV5H0y7XBQW8QwQqEaZY1pM9aqORSORhJRdNK44Q==}
    engines: {node: '>=6.0'}

  is-extendable@0.1.1:
    resolution: {integrity: sha512-5BMULNob1vgFX6EjQw5izWDxrecWK9AM72rugNr0TFldMOi0fj6Jk+zeKIt0xGj4cEfQIJth4w3OKWOJ4f+AFw==}
    engines: {node: '>=0.10.0'}

  js-yaml@3.14.2:
    resolution: {integrity: sha512-PMSmkqxr106Xa156c2M265Z+FTrPl+oxd/rgOQy2tijQeK5TxQ43psO1ZCwhVOSdnn+RzkzlRz/eY4BgJBYVpg==}
    hasBin: true

  json-schema-traverse@1.0.0:
    resolution: {integrity: sha512-NM8/P9n3XjXhIZn1lLhkFaACTOURQXjWhV4BA/RnOv8xvgqtqpAX9IO4mRQxSx1Rlo4tqzeqb0sOlruaOy3dug==}

  kind-of@6.0.3:
    resolution: {integrity: sha512-dcS1ul+9tmeD95T+x28/ehLgd9mENa3LsvDTtzm3vyBEO7RPptvAD+t44WVXaUjTBRcrpFeFlC8WCruUR456hw==}
    engines: {node: '>=0.10.0'}

  require-from-string@2.0.2:
    resolution: {integrity: sha512-Xf0nWe6RseziFMu+Ap9biiUbmplq6S9/p+7w7YXP/JBHhrUDDUhwa+vANyubuqfZWTveU//DYVGsDG7RKL/vEw==}
    engines: {node: '>=0.10.0'}

  section-matter@1.0.0:
    resolution: {integrity: sha512-vfD3pmTzGpufjScBh50YHKzEu2lxBWhVEHsNGoEXmCmn2hKGfeNLYMzCJpe8cD7gqX7TJluOVpBkAequ6dgMmA==}
    engines: {node: '>=4'}

  sprintf-js@1.0.3:
    resolution: {integrity: sha512-D9cPgkvLlV3t3IzL0D0YLvGA9Ahk4PcvVwUbN0dSGr1aP0Nrt4AEnTUbuGvquEC0mA64Gqt1fzirlRs5ibXx8g==}

  strip-bom-string@1.0.0:
    resolution: {integrity: sha512-uCC2VHvQRYu+lMh4My/sFNmF2klFymLX1wHJeXnbEJERpV/ZsVuonzerjfrGpIGF7LBVa1O7i9kjiWvJiFck8g==}
    engines: {node: '>=0.10.0'}

  tinypool@2.1.0:
    resolution: {integrity: sha512-Pugqs6M0m7Lv1I7FtxN4aoyToKg1C4tu+/381vH35y8oENM/Ai7f7C4StcoK4/+BSw9ebcS8jRiVrORFKCALLw==}
    engines: {node: ^20.0.0 || >=22.0.0}

  tslib@2.8.1:
    resolution: {integrity: sha512-oJFu94HQb+KVduSUQL7wnpmqnfmLsOA/nAh6b6EH0wCEoK0/mPeXU6c3wKDV83MkOuHPRHtSXKKU99IBazS/2w==}

snapshots:

  '@emnapi/core@1.10.0':
    dependencies:
      '@emnapi/wasi-threads': 1.2.1
      tslib: 2.8.1
    optional: true

  '@emnapi/runtime@1.10.0':
    dependencies:
      tslib: 2.8.1
    optional: true

  '@emnapi/wasi-threads@1.2.1':
    dependencies:
      tslib: 2.8.1
    optional: true

  '@napi-rs/wasm-runtime@1.1.4(@emnapi/core@1.10.0)(@emnapi/runtime@1.10.0)':
    dependencies:
      '@emnapi/core': 1.10.0
      '@emnapi/runtime': 1.10.0
      '@tybys/wasm-util': 0.10.2
    optional: true

  '@rsbuild/core@2.0.6':
    dependencies:
      '@rspack/core': 2.0.3(@swc/helpers@0.5.21)
      '@swc/helpers': 0.5.21
    transitivePeerDependencies:
      - '@module-federation/runtime-tools'

  '@rspack/binding-darwin-arm64@2.0.3':
    optional: true

  '@rspack/binding-darwin-x64@2.0.3':
    optional: true

  '@rspack/binding-linux-arm64-gnu@2.0.3':
    optional: true

  '@rspack/binding-linux-arm64-musl@2.0.3':
    optional: true

  '@rspack/binding-linux-x64-gnu@2.0.3':
    optional: true

  '@rspack/binding-linux-x64-musl@2.0.3':
    optional: true

  '@rspack/binding-wasm32-wasi@2.0.3':
    dependencies:
      '@emnapi/core': 1.10.0
      '@emnapi/runtime': 1.10.0
      '@napi-rs/wasm-runtime': 1.1.4(@emnapi/core@1.10.0)(@emnapi/runtime@1.10.0)
    optional: true

  '@rspack/binding-win32-arm64-msvc@2.0.3':
    optional: true

  '@rspack/binding-win32-ia32-msvc@2.0.3':
    optional: true

  '@rspack/binding-win32-x64-msvc@2.0.3':
    optional: true

  '@rspack/binding@2.0.3':
    optionalDependencies:
      '@rspack/binding-darwin-arm64': 2.0.3
      '@rspack/binding-darwin-x64': 2.0.3
      '@rspack/binding-linux-arm64-gnu': 2.0.3
      '@rspack/binding-linux-arm64-musl': 2.0.3
      '@rspack/binding-linux-x64-gnu': 2.0.3
      '@rspack/binding-linux-x64-musl': 2.0.3
      '@rspack/binding-wasm32-wasi': 2.0.3
      '@rspack/binding-win32-arm64-msvc': 2.0.3
      '@rspack/binding-win32-ia32-msvc': 2.0.3
      '@rspack/binding-win32-x64-msvc': 2.0.3

  '@rspack/core@2.0.3(@swc/helpers@0.5.21)':
    dependencies:
      '@rspack/binding': 2.0.3
    optionalDependencies:
      '@swc/helpers': 0.5.21

  '@rstest/core@0.9.10':
    dependencies:
      '@rsbuild/core': 2.0.6
      '@types/chai': 5.2.3
      tinypool: 2.1.0
    transitivePeerDependencies:
      - '@module-federation/runtime-tools'
      - core-js

  '@swc/helpers@0.5.21':
    dependencies:
      tslib: 2.8.1

  '@tybys/wasm-util@0.10.2':
    dependencies:
      tslib: 2.8.1
    optional: true

  '@types/chai@5.2.3':
    dependencies:
      '@types/deep-eql': 4.0.2
      assertion-error: 2.0.1

  '@types/deep-eql@4.0.2': {}

  ajv-formats@3.0.1(ajv@8.20.0):
    optionalDependencies:
      ajv: 8.20.0

  ajv@8.20.0:
    dependencies:
      fast-deep-equal: 3.1.3
      fast-uri: 3.1.2
      json-schema-traverse: 1.0.0
      require-from-string: 2.0.2

  argparse@1.0.10:
    dependencies:
      sprintf-js: 1.0.3

  assertion-error@2.0.1: {}

  esprima@4.0.1: {}

  extend-shallow@2.0.1:
    dependencies:
      is-extendable: 0.1.1

  fast-deep-equal@3.1.3: {}

  fast-uri@3.1.2: {}

  gray-matter@4.0.3:
    dependencies:
      js-yaml: 3.14.2
      kind-of: 6.0.3
      section-matter: 1.0.0
      strip-bom-string: 1.0.0

  is-extendable@0.1.1: {}

  js-yaml@3.14.2:
    dependencies:
      argparse: 1.0.10
      esprima: 4.0.1

  json-schema-traverse@1.0.0: {}

  kind-of@6.0.3: {}

  require-from-string@2.0.2: {}

  section-matter@1.0.0:
    dependencies:
      extend-shallow: 2.0.1
      kind-of: 6.0.3

  sprintf-js@1.0.3: {}

  strip-bom-string@1.0.0: {}

  tinypool@2.1.0: {}

  tslib@2.8.1: {}
